
Microsoft Visual Studio Solution File, Format Version 12.00
# Visual Studio Version 17
VisualStudioVersion = 17.9.34902.65
MinimumVisualStudioVersion = 10.0.40219.1
Project("{FAE04EC0-301F-11D3-BF4B-00C04F79EFBC}") = "HotelManagerService.IntegrationTest", "HotelManagerService.IntegrationTest\HotelManagerService.IntegrationTest.csproj", "{DB89908A-24E1-457D-ADF1-33ACF2798FF6}"
EndProject
Global
	GlobalSection(SolutionConfigurationPlatforms) = preSolution
		Debug|Any CPU = Debug|Any CPU
		Release|Any CPU = Release|Any CPU
	EndGlobalSection
	GlobalSection(ProjectConfigurationPlatforms) = postSolution
		{DB89908A-24E1-457D-ADF1-33ACF2798FF6}.Debug|Any CPU.ActiveCfg = Debug|Any CPU
		{DB89908A-24E1-457D-ADF1-33ACF2798FF6}.Debug|Any CPU.Build.0 = Debug|Any CPU
		{DB89908A-24E1-457D-ADF1-33ACF2798FF6}.Release|Any CPU.ActiveCfg = Release|Any CPU
		{DB89908A-24E1-457D-ADF1-33ACF2798FF6}.Release|Any CPU.Build.0 = Release|Any CPU
	EndGlobalSection
	GlobalSection(SolutionProperties) = preSolution
		HideSolutionNode = FALSE
	EndGlobalSection
	GlobalSection(ExtensibilityGlobals) = postSolution
		SolutionGuid = {2B1524F9-8B6B-4DCF-8EE4-DDCA850CB8C4}
	EndGlobalSection
EndGlobal
